<?xml version="1.0" encoding="utf-8"?>
<Project ToolsVersion="4.0" xmlns="http://schemas.microsoft.com/developer/msbuild/2003">
  <ItemGroup>
    <Filter Include="Source Files">
      <UniqueIdentifier>{4FC737F1-C7A5-4376-A066-2A32D752A2FF}</UniqueIdentifier>
      <Extensions>cpp;c;cc;cxx;def;odl;idl;hpj;bat;asm;asmx</Extensions>
    </Filter>
    <Filter Include="Header Files">
      <UniqueIdentifier>{93995380-89BD-4b04-88EB-625FBE52EBFB}</UniqueIdentifier>
      <Extensions>h;hh;hpp;hxx;hm;inl;inc;xsd</Extensions>
    </Filter>
    <Filter Include="Resource Files">
      <UniqueIdentifier>{67DA6AB6-F800-4c08-8B7A-83BB121AAD01}</UniqueIdentifier>
      <Extensions>rc;ico;cur;bmp;dlg;rc2;rct;bin;rgs;gif;jpg;jpeg;jpe;resx;tiff;tif;png;wav</Extensions>
    </Filter>
  </ItemGroup>
  <ItemGroup>
    <ClCompile Include="BBApi.cpp">
      <Filter>Source Files</Filter>
    </ClCompile>
    <ClCompile Include="BBRoot.cpp">
      <Filter>Source Files</Filter>
    </ClCompile>
    <ClCompile Include="BBVWM.cpp">
      <Filter>Source Files</Filter>
    </ClCompile>
    <ClCompile Include="BImage.cpp">
      <Filter>Source Files</Filter>
    </ClCompile>
    <ClCompile Include="Blackbox.cpp">
      <Filter>Source Files</Filter>
    </ClCompile>
    <ClCompile Include="ConfigMenu.cpp">
      <Filter>Source Files</Filter>
    </ClCompile>
    <ClCompile Include="Desk.cpp">
      <Filter>Source Files</Filter>
    </ClCompile>
    <ClCompile Include="DesktopMenu.cpp">
      <Filter>Source Files</Filter>
    </ClCompile>
    <ClCompile Include="MessageManager.cpp">
      <Filter>Source Files</Filter>
    </ClCompile>
    <ClCompile Include="PluginManager.cpp">
      <Filter>Source Files</Filter>
    </ClCompile>
    <ClCompile Include="Settings.cpp">
      <Filter>Source Files</Filter>
    </ClCompile>
    <ClCompile Include="Toolbar.cpp">
      <Filter>Source Files</Filter>
    </ClCompile>
    <ClCompile Include="Tray.cpp">
      <Filter>Source Files</Filter>
    </ClCompile>
    <ClCompile Include="Utils.cpp">
      <Filter>Source Files</Filter>
    </ClCompile>
    <ClCompile Include="Workspaces.cpp">
      <Filter>Source Files</Filter>
    </ClCompile>
    <ClCompile Include="hooks\deskhook.cpp">
      <Filter>Source Files</Filter>
    </ClCompile>
    <ClCompile Include="hooks\trayhook.cpp">
      <Filter>Source Files</Filter>
    </ClCompile>
    <ClCompile Include="menu\CommandItem.cpp">
      <Filter>Source Files</Filter>
    </ClCompile>
    <ClCompile Include="menu\Contextmenu.cpp">
      <Filter>Source Files</Filter>
    </ClCompile>
    <ClCompile Include="menu\Dragsource.cpp">
      <Filter>Source Files</Filter>
    </ClCompile>
    <ClCompile Include="menu\Droptarget.cpp">
      <Filter>Source Files</Filter>
    </ClCompile>
    <ClCompile Include="menu\FolderItem.cpp">
      <Filter>Source Files</Filter>
    </ClCompile>
    <ClCompile Include="menu\Menu.cpp">
      <Filter>Source Files</Filter>
    </ClCompile>
    <ClCompile Include="menu\MenuItem.cpp">
      <Filter>Source Files</Filter>
    </ClCompile>
    <ClCompile Include="menu\MenuMaker.cpp">
      <Filter>Source Files</Filter>
    </ClCompile>
    <ClCompile Include="menu\SpecialFolder.cpp">
      <Filter>Source Files</Filter>
    </ClCompile>
    <ClCompile Include="menu\TitleItem.cpp">
      <Filter>Source Files</Filter>
    </ClCompile>
  </ItemGroup>
  <ItemGroup>
    <ClInclude Include="BB.h">
      <Filter>Header Files</Filter>
    </ClInclude>
    <ClInclude Include="BBApi.h">
      <Filter>Header Files</Filter>
    </ClInclude>
    <ClInclude Include="BBSendData.h">
      <Filter>Header Files</Filter>
    </ClInclude>
    <ClInclude Include="bbversion.h">
      <Filter>Header Files</Filter>
    </ClInclude>
    <ClInclude Include="BBVWM.h">
      <Filter>Header Files</Filter>
    </ClInclude>
    <ClInclude Include="BImage.h">
      <Filter>Header Files</Filter>
    </ClInclude>
    <ClInclude Include="Desk.h">
      <Filter>Header Files</Filter>
    </ClInclude>
    <ClInclude Include="MessageManager.h">
      <Filter>Header Files</Filter>
    </ClInclude>
    <ClInclude Include="PluginManager.h">
      <Filter>Header Files</Filter>
    </ClInclude>
    <ClInclude Include="Settings.h">
      <Filter>Header Files</Filter>
    </ClInclude>
    <ClInclude Include="Stylestruct.h">
      <Filter>Header Files</Filter>
    </ClInclude>
    <ClInclude Include="Toolbar.h">
      <Filter>Header Files</Filter>
    </ClInclude>
    <ClInclude Include="Tray.h">
      <Filter>Header Files</Filter>
    </ClInclude>
    <ClInclude Include="win0x500.h">
      <Filter>Header Files</Filter>
    </ClInclude>
    <ClInclude Include="Workspaces.h">
      <Filter>Header Files</Filter>
    </ClInclude>
    <ClInclude Include="menu\Menu.h">
      <Filter>Header Files</Filter>
    </ClInclude>
    <ClInclude Include="menu\MenuMaker.h">
      <Filter>Header Files</Filter>
    </ClInclude>
  </ItemGroup>
  <ItemGroup>
    <ResourceCompile Include="resource.rc">
      <Filter>Resource Files</Filter>
    </ResourceCompile>
  </ItemGroup>
</Project>