
Microsoft Visual Studio Solution File, Format Version 12.00
# Visual Studio 2013
VisualStudioVersion = 12.0.21005.1
MinimumVisualStudioVersion = 10.0.40219.1
Project("{8BC9CEB8-8B4A-11D0-8D11-00A0C91BC942}") = "blackbox", "blackbox.vcxproj", "{08EF631A-00AF-478B-96BD-70E1DCB2743E}"
EndProject
Project("{8BC9CEB8-8B4A-11D0-8D11-00A0C91BC942}") = "lib", "..\lib\lib.vcxproj", "{FBA93DA4-DF42-4B04-8B13-27BC0CCCFD8F}"
EndProject
Project("{8BC9CEB8-8B4A-11D0-8D11-00A0C91BC942}") = "bbSDK", "..\plugins\bbSDK\bbSDK.vcxproj", "{4BFECFBF-8E1A-46BA-8D9B-2FCBF1FDF079}"
	ProjectSection(ProjectDependencies) = postProject
		{08EF631A-00AF-478B-96BD-70E1DCB2743E} = {08EF631A-00AF-478B-96BD-70E1DCB2743E}
	EndProjectSection
EndProject
Project("{8BC9CEB8-8B4A-11D0-8D11-00A0C91BC942}") = "bbPlugin", "..\plugins\bbPlugin\bbPlugin.vcxproj", "{2849AD53-3C6D-41B0-A203-7C95F20EAC2B}"
EndProject
Project("{8BC9CEB8-8B4A-11D0-8D11-00A0C91BC942}") = "bbAnalog", "..\plugins\bbAnalog\bbAnalog.vcxproj", "{9D683AF9-7129-48B3-8337-60A678B9B68A}"
	ProjectSection(ProjectDependencies) = postProject
		{08EF631A-00AF-478B-96BD-70E1DCB2743E} = {08EF631A-00AF-478B-96BD-70E1DCB2743E}
	EndProjectSection
EndProject
Project("{8BC9CEB8-8B4A-11D0-8D11-00A0C91BC942}") = "bbColor3dc", "..\plugins\bbColor3dc\bbColor3dc.vcxproj", "{5C4C6344-D29D-4A37-A044-3069E4179A48}"
EndProject
Project("{8BC9CEB8-8B4A-11D0-8D11-00A0C91BC942}") = "bbIconBox", "..\plugins\bbIconBox\bbIconBox.vcxproj", "{A938CF52-A5FF-4B54-BBC9-60E1CAACF1AA}"
EndProject
Project("{8BC9CEB8-8B4A-11D0-8D11-00A0C91BC942}") = "bbKeys", "..\plugins\bbKeys\bbKeys.vcxproj", "{52EEE3A5-E46E-40A4-9F1A-4E5A7E3FE847}"
EndProject
Project("{8BC9CEB8-8B4A-11D0-8D11-00A0C91BC942}") = "bbLeanBar", "..\plugins\bbLeanBar\bbLeanBar.vcxproj", "{489FB570-5645-44F3-B297-4B78446338C4}"
EndProject
Project("{8BC9CEB8-8B4A-11D0-8D11-00A0C91BC942}") = "bbLeanSkin", "..\plugins\bbLeanSkin\bbLeanSkin.vcxproj", "{839A1F52-765D-445C-AF5A-69A2A4020D46}"
EndProject
Project("{8BC9CEB8-8B4A-11D0-8D11-00A0C91BC942}") = "bbSlit", "..\plugins\bbSlit\bbSlit.vcxproj", "{1DD67984-B8AF-4A3D-9857-C298452AC722}"
EndProject
Project("{8BC9CEB8-8B4A-11D0-8D11-00A0C91BC942}") = "bbWorkspaceWheel", "..\plugins\bbWorkspaceWheel\bbWorkspaceWheel.vcxproj", "{3D5CC7A3-3B1C-4D1B-B59F-F96BD8AAF3B8}"
EndProject
Global
	GlobalSection(SolutionConfigurationPlatforms) = preSolution
		Debug|Mixed Platforms = Debug|Mixed Platforms
		Debug|Win32 = Debug|Win32
		Debug|x64 = Debug|x64
		Default|Mixed Platforms = Default|Mixed Platforms
		Default|Win32 = Default|Win32
		Default|x64 = Default|x64
		Release|Mixed Platforms = Release|Mixed Platforms
		Release|Win32 = Release|Win32
		Release|x64 = Release|x64
	EndGlobalSection
	GlobalSection(ProjectConfigurationPlatforms) = postSolution
		{08EF631A-00AF-478B-96BD-70E1DCB2743E}.Debug|Mixed Platforms.ActiveCfg = Debug|Win32
		{08EF631A-00AF-478B-96BD-70E1DCB2743E}.Debug|Mixed Platforms.Build.0 = Debug|Win32
		{08EF631A-00AF-478B-96BD-70E1DCB2743E}.Debug|Win32.ActiveCfg = Debug|x64
		{08EF631A-00AF-478B-96BD-70E1DCB2743E}.Debug|Win32.Build.0 = Debug|x64
		{08EF631A-00AF-478B-96BD-70E1DCB2743E}.Debug|x64.ActiveCfg = Debug|x64
		{08EF631A-00AF-478B-96BD-70E1DCB2743E}.Debug|x64.Build.0 = Debug|x64
		{08EF631A-00AF-478B-96BD-70E1DCB2743E}.Default|Mixed Platforms.ActiveCfg = Debug|Win32
		{08EF631A-00AF-478B-96BD-70E1DCB2743E}.Default|Mixed Platforms.Build.0 = Debug|Win32
		{08EF631A-00AF-478B-96BD-70E1DCB2743E}.Default|Win32.ActiveCfg = Debug|Win32
		{08EF631A-00AF-478B-96BD-70E1DCB2743E}.Default|Win32.Build.0 = Debug|Win32
		{08EF631A-00AF-478B-96BD-70E1DCB2743E}.Default|x64.ActiveCfg = Debug|x64
		{08EF631A-00AF-478B-96BD-70E1DCB2743E}.Default|x64.Build.0 = Debug|x64
		{08EF631A-00AF-478B-96BD-70E1DCB2743E}.Release|Mixed Platforms.ActiveCfg = Release|Win32
		{08EF631A-00AF-478B-96BD-70E1DCB2743E}.Release|Mixed Platforms.Build.0 = Release|Win32
		{08EF631A-00AF-478B-96BD-70E1DCB2743E}.Release|Win32.ActiveCfg = Release|x64
		{08EF631A-00AF-478B-96BD-70E1DCB2743E}.Release|Win32.Build.0 = Release|x64
		{08EF631A-00AF-478B-96BD-70E1DCB2743E}.Release|x64.ActiveCfg = Release|x64
		{08EF631A-00AF-478B-96BD-70E1DCB2743E}.Release|x64.Build.0 = Release|x64
		{FBA93DA4-DF42-4B04-8B13-27BC0CCCFD8F}.Debug|Mixed Platforms.ActiveCfg = Debug|Win32
		{FBA93DA4-DF42-4B04-8B13-27BC0CCCFD8F}.Debug|Mixed Platforms.Build.0 = Debug|Win32
		{FBA93DA4-DF42-4B04-8B13-27BC0CCCFD8F}.Debug|Win32.ActiveCfg = Debug|x64
		{FBA93DA4-DF42-4B04-8B13-27BC0CCCFD8F}.Debug|Win32.Build.0 = Debug|x64
		{FBA93DA4-DF42-4B04-8B13-27BC0CCCFD8F}.Debug|x64.ActiveCfg = Debug|x64
		{FBA93DA4-DF42-4B04-8B13-27BC0CCCFD8F}.Debug|x64.Build.0 = Debug|x64
		{FBA93DA4-DF42-4B04-8B13-27BC0CCCFD8F}.Default|Mixed Platforms.ActiveCfg = Debug|Win32
		{FBA93DA4-DF42-4B04-8B13-27BC0CCCFD8F}.Default|Mixed Platforms.Build.0 = Debug|Win32
		{FBA93DA4-DF42-4B04-8B13-27BC0CCCFD8F}.Default|Win32.ActiveCfg = Debug|Win32
		{FBA93DA4-DF42-4B04-8B13-27BC0CCCFD8F}.Default|Win32.Build.0 = Debug|Win32
		{FBA93DA4-DF42-4B04-8B13-27BC0CCCFD8F}.Default|x64.ActiveCfg = Debug|x64
		{FBA93DA4-DF42-4B04-8B13-27BC0CCCFD8F}.Default|x64.Build.0 = Debug|x64
		{FBA93DA4-DF42-4B04-8B13-27BC0CCCFD8F}.Release|Mixed Platforms.ActiveCfg = Release|Win32
		{FBA93DA4-DF42-4B04-8B13-27BC0CCCFD8F}.Release|Mixed Platforms.Build.0 = Release|Win32
		{FBA93DA4-DF42-4B04-8B13-27BC0CCCFD8F}.Release|Win32.ActiveCfg = Release|x64
		{FBA93DA4-DF42-4B04-8B13-27BC0CCCFD8F}.Release|Win32.Build.0 = Release|x64
		{FBA93DA4-DF42-4B04-8B13-27BC0CCCFD8F}.Release|x64.ActiveCfg = Release|x64
		{FBA93DA4-DF42-4B04-8B13-27BC0CCCFD8F}.Release|x64.Build.0 = Release|x64
		{4BFECFBF-8E1A-46BA-8D9B-2FCBF1FDF079}.Debug|Mixed Platforms.ActiveCfg = Default|Win32
		{4BFECFBF-8E1A-46BA-8D9B-2FCBF1FDF079}.Debug|Mixed Platforms.Build.0 = Default|Win32
		{4BFECFBF-8E1A-46BA-8D9B-2FCBF1FDF079}.Debug|Win32.ActiveCfg = Default|Win32
		{4BFECFBF-8E1A-46BA-8D9B-2FCBF1FDF079}.Debug|Win32.Build.0 = Default|Win32
		{4BFECFBF-8E1A-46BA-8D9B-2FCBF1FDF079}.Debug|x64.ActiveCfg = Default|x64
		{4BFECFBF-8E1A-46BA-8D9B-2FCBF1FDF079}.Debug|x64.Build.0 = Default|x64
		{4BFECFBF-8E1A-46BA-8D9B-2FCBF1FDF079}.Default|Mixed Platforms.ActiveCfg = Default|Win32
		{4BFECFBF-8E1A-46BA-8D9B-2FCBF1FDF079}.Default|Mixed Platforms.Build.0 = Default|Win32
		{4BFECFBF-8E1A-46BA-8D9B-2FCBF1FDF079}.Default|Win32.ActiveCfg = Default|Win32
		{4BFECFBF-8E1A-46BA-8D9B-2FCBF1FDF079}.Default|Win32.Build.0 = Default|Win32
		{4BFECFBF-8E1A-46BA-8D9B-2FCBF1FDF079}.Default|x64.ActiveCfg = Default|x64
		{4BFECFBF-8E1A-46BA-8D9B-2FCBF1FDF079}.Default|x64.Build.0 = Default|x64
		{4BFECFBF-8E1A-46BA-8D9B-2FCBF1FDF079}.Release|Mixed Platforms.ActiveCfg = Default|Win32
		{4BFECFBF-8E1A-46BA-8D9B-2FCBF1FDF079}.Release|Mixed Platforms.Build.0 = Default|Win32
		{4BFECFBF-8E1A-46BA-8D9B-2FCBF1FDF079}.Release|Win32.ActiveCfg = Default|x64
		{4BFECFBF-8E1A-46BA-8D9B-2FCBF1FDF079}.Release|Win32.Build.0 = Default|x64
		{4BFECFBF-8E1A-46BA-8D9B-2FCBF1FDF079}.Release|x64.ActiveCfg = Default|x64
		{4BFECFBF-8E1A-46BA-8D9B-2FCBF1FDF079}.Release|x64.Build.0 = Default|x64
		{2849AD53-3C6D-41B0-A203-7C95F20EAC2B}.Debug|Mixed Platforms.ActiveCfg = Debug|Win32
		{2849AD53-3C6D-41B0-A203-7C95F20EAC2B}.Debug|Mixed Platforms.Build.0 = Debug|Win32
		{2849AD53-3C6D-41B0-A203-7C95F20EAC2B}.Debug|Win32.ActiveCfg = Debug|Win32
		{2849AD53-3C6D-41B0-A203-7C95F20EAC2B}.Debug|Win32.Build.0 = Debug|Win32
		{2849AD53-3C6D-41B0-A203-7C95F20EAC2B}.Debug|x64.ActiveCfg = Debug|Win32
		{2849AD53-3C6D-41B0-A203-7C95F20EAC2B}.Default|Mixed Platforms.ActiveCfg = Debug|Win32
		{2849AD53-3C6D-41B0-A203-7C95F20EAC2B}.Default|Mixed Platforms.Build.0 = Debug|Win32
		{2849AD53-3C6D-41B0-A203-7C95F20EAC2B}.Default|Win32.ActiveCfg = Debug|Win32
		{2849AD53-3C6D-41B0-A203-7C95F20EAC2B}.Default|Win32.Build.0 = Debug|Win32
		{2849AD53-3C6D-41B0-A203-7C95F20EAC2B}.Default|x64.ActiveCfg = Debug|Win32
		{2849AD53-3C6D-41B0-A203-7C95F20EAC2B}.Release|Mixed Platforms.ActiveCfg = Release|Win32
		{2849AD53-3C6D-41B0-A203-7C95F20EAC2B}.Release|Mixed Platforms.Build.0 = Release|Win32
		{2849AD53-3C6D-41B0-A203-7C95F20EAC2B}.Release|Win32.ActiveCfg = Release|Win32
		{2849AD53-3C6D-41B0-A203-7C95F20EAC2B}.Release|Win32.Build.0 = Release|Win32
		{2849AD53-3C6D-41B0-A203-7C95F20EAC2B}.Release|x64.ActiveCfg = Release|x64
		{2849AD53-3C6D-41B0-A203-7C95F20EAC2B}.Release|x64.Build.0 = Release|x64
		{9D683AF9-7129-48B3-8337-60A678B9B68A}.Debug|Mixed Platforms.ActiveCfg = Debug|Win32
		{9D683AF9-7129-48B3-8337-60A678B9B68A}.Debug|Mixed Platforms.Build.0 = Debug|Win32
		{9D683AF9-7129-48B3-8337-60A678B9B68A}.Debug|Win32.ActiveCfg = Debug|Win32
		{9D683AF9-7129-48B3-8337-60A678B9B68A}.Debug|Win32.Build.0 = Debug|Win32
		{9D683AF9-7129-48B3-8337-60A678B9B68A}.Debug|x64.ActiveCfg = Debug|Win32
		{9D683AF9-7129-48B3-8337-60A678B9B68A}.Default|Mixed Platforms.ActiveCfg = Debug|Win32
		{9D683AF9-7129-48B3-8337-60A678B9B68A}.Default|Mixed Platforms.Build.0 = Debug|Win32
		{9D683AF9-7129-48B3-8337-60A678B9B68A}.Default|Win32.ActiveCfg = Debug|Win32
		{9D683AF9-7129-48B3-8337-60A678B9B68A}.Default|Win32.Build.0 = Debug|Win32
		{9D683AF9-7129-48B3-8337-60A678B9B68A}.Default|x64.ActiveCfg = Debug|Win32
		{9D683AF9-7129-48B3-8337-60A678B9B68A}.Release|Mixed Platforms.ActiveCfg = Release|Win32
		{9D683AF9-7129-48B3-8337-60A678B9B68A}.Release|Mixed Platforms.Build.0 = Release|Win32
		{9D683AF9-7129-48B3-8337-60A678B9B68A}.Release|Win32.ActiveCfg = Release|Win32
		{9D683AF9-7129-48B3-8337-60A678B9B68A}.Release|Win32.Build.0 = Release|Win32
		{9D683AF9-7129-48B3-8337-60A678B9B68A}.Release|x64.ActiveCfg = Release|x64
		{9D683AF9-7129-48B3-8337-60A678B9B68A}.Release|x64.Build.0 = Release|x64
		{5C4C6344-D29D-4A37-A044-3069E4179A48}.Debug|Mixed Platforms.ActiveCfg = Debug|Win32
		{5C4C6344-D29D-4A37-A044-3069E4179A48}.Debug|Mixed Platforms.Build.0 = Debug|Win32
		{5C4C6344-D29D-4A37-A044-3069E4179A48}.Debug|Win32.ActiveCfg = Debug|Win32
		{5C4C6344-D29D-4A37-A044-3069E4179A48}.Debug|Win32.Build.0 = Debug|Win32
		{5C4C6344-D29D-4A37-A044-3069E4179A48}.Debug|x64.ActiveCfg = Debug|Win32
		{5C4C6344-D29D-4A37-A044-3069E4179A48}.Default|Mixed Platforms.ActiveCfg = Debug|Win32
		{5C4C6344-D29D-4A37-A044-3069E4179A48}.Default|Mixed Platforms.Build.0 = Debug|Win32
		{5C4C6344-D29D-4A37-A044-3069E4179A48}.Default|Win32.ActiveCfg = Debug|Win32
		{5C4C6344-D29D-4A37-A044-3069E4179A48}.Default|Win32.Build.0 = Debug|Win32
		{5C4C6344-D29D-4A37-A044-3069E4179A48}.Default|x64.ActiveCfg = Debug|Win32
		{5C4C6344-D29D-4A37-A044-3069E4179A48}.Release|Mixed Platforms.ActiveCfg = Release|Win32
		{5C4C6344-D29D-4A37-A044-3069E4179A48}.Release|Mixed Platforms.Build.0 = Release|Win32
		{5C4C6344-D29D-4A37-A044-3069E4179A48}.Release|Win32.ActiveCfg = Release|Win32
		{5C4C6344-D29D-4A37-A044-3069E4179A48}.Release|Win32.Build.0 = Release|Win32
		{5C4C6344-D29D-4A37-A044-3069E4179A48}.Release|x64.ActiveCfg = Release|x64
		{5C4C6344-D29D-4A37-A044-3069E4179A48}.Release|x64.Build.0 = Release|x64
		{A938CF52-A5FF-4B54-BBC9-60E1CAACF1AA}.Debug|Mixed Platforms.ActiveCfg = Debug|Win32
		{A938CF52-A5FF-4B54-BBC9-60E1CAACF1AA}.Debug|Mixed Platforms.Build.0 = Debug|Win32
		{A938CF52-A5FF-4B54-BBC9-60E1CAACF1AA}.Debug|Win32.ActiveCfg = Debug|Win32
		{A938CF52-A5FF-4B54-BBC9-60E1CAACF1AA}.Debug|Win32.Build.0 = Debug|Win32
		{A938CF52-A5FF-4B54-BBC9-60E1CAACF1AA}.Debug|x64.ActiveCfg = Debug|Win32
		{A938CF52-A5FF-4B54-BBC9-60E1CAACF1AA}.Default|Mixed Platforms.ActiveCfg = Debug|Win32
		{A938CF52-A5FF-4B54-BBC9-60E1CAACF1AA}.Default|Mixed Platforms.Build.0 = Debug|Win32
		{A938CF52-A5FF-4B54-BBC9-60E1CAACF1AA}.Default|Win32.ActiveCfg = Debug|Win32
		{A938CF52-A5FF-4B54-BBC9-60E1CAACF1AA}.Default|Win32.Build.0 = Debug|Win32
		{A938CF52-A5FF-4B54-BBC9-60E1CAACF1AA}.Default|x64.ActiveCfg = Debug|Win32
		{A938CF52-A5FF-4B54-BBC9-60E1CAACF1AA}.Release|Mixed Platforms.ActiveCfg = Release|Win32
		{A938CF52-A5FF-4B54-BBC9-60E1CAACF1AA}.Release|Mixed Platforms.Build.0 = Release|Win32
		{A938CF52-A5FF-4B54-BBC9-60E1CAACF1AA}.Release|Win32.ActiveCfg = Release|Win32
		{A938CF52-A5FF-4B54-BBC9-60E1CAACF1AA}.Release|Win32.Build.0 = Release|Win32
		{A938CF52-A5FF-4B54-BBC9-60E1CAACF1AA}.Release|x64.ActiveCfg = Release|x64
		{52EEE3A5-E46E-40A4-9F1A-4E5A7E3FE847}.Debug|Mixed Platforms.ActiveCfg = Debug|Win32
		{52EEE3A5-E46E-40A4-9F1A-4E5A7E3FE847}.Debug|Mixed Platforms.Build.0 = Debug|Win32
		{52EEE3A5-E46E-40A4-9F1A-4E5A7E3FE847}.Debug|Win32.ActiveCfg = Debug|Win32
		{52EEE3A5-E46E-40A4-9F1A-4E5A7E3FE847}.Debug|Win32.Build.0 = Debug|Win32
		{52EEE3A5-E46E-40A4-9F1A-4E5A7E3FE847}.Debug|x64.ActiveCfg = Debug|Win32
		{52EEE3A5-E46E-40A4-9F1A-4E5A7E3FE847}.Default|Mixed Platforms.ActiveCfg = Debug|Win32
		{52EEE3A5-E46E-40A4-9F1A-4E5A7E3FE847}.Default|Mixed Platforms.Build.0 = Debug|Win32
		{52EEE3A5-E46E-40A4-9F1A-4E5A7E3FE847}.Default|Win32.ActiveCfg = Debug|Win32
		{52EEE3A5-E46E-40A4-9F1A-4E5A7E3FE847}.Default|Win32.Build.0 = Debug|Win32
		{52EEE3A5-E46E-40A4-9F1A-4E5A7E3FE847}.Default|x64.ActiveCfg = Debug|Win32
		{52EEE3A5-E46E-40A4-9F1A-4E5A7E3FE847}.Release|Mixed Platforms.ActiveCfg = Release|Win32
		{52EEE3A5-E46E-40A4-9F1A-4E5A7E3FE847}.Release|Mixed Platforms.Build.0 = Release|Win32
		{52EEE3A5-E46E-40A4-9F1A-4E5A7E3FE847}.Release|Win32.ActiveCfg = Release|Win32
		{52EEE3A5-E46E-40A4-9F1A-4E5A7E3FE847}.Release|Win32.Build.0 = Release|Win32
		{52EEE3A5-E46E-40A4-9F1A-4E5A7E3FE847}.Release|x64.ActiveCfg = Release|x64
		{52EEE3A5-E46E-40A4-9F1A-4E5A7E3FE847}.Release|x64.Build.0 = Release|x64
		{489FB570-5645-44F3-B297-4B78446338C4}.Debug|Mixed Platforms.ActiveCfg = Debug|Win32
		{489FB570-5645-44F3-B297-4B78446338C4}.Debug|Mixed Platforms.Build.0 = Debug|Win32
		{489FB570-5645-44F3-B297-4B78446338C4}.Debug|Win32.ActiveCfg = Debug|Win32
		{489FB570-5645-44F3-B297-4B78446338C4}.Debug|Win32.Build.0 = Debug|Win32
		{489FB570-5645-44F3-B297-4B78446338C4}.Debug|x64.ActiveCfg = Debug|Win32
		{489FB570-5645-44F3-B297-4B78446338C4}.Default|Mixed Platforms.ActiveCfg = Debug|Win32
		{489FB570-5645-44F3-B297-4B78446338C4}.Default|Mixed Platforms.Build.0 = Debug|Win32
		{489FB570-5645-44F3-B297-4B78446338C4}.Default|Win32.ActiveCfg = Debug|Win32
		{489FB570-5645-44F3-B297-4B78446338C4}.Default|Win32.Build.0 = Debug|Win32
		{489FB570-5645-44F3-B297-4B78446338C4}.Default|x64.ActiveCfg = Debug|Win32
		{489FB570-5645-44F3-B297-4B78446338C4}.Release|Mixed Platforms.ActiveCfg = Release|Win32
		{489FB570-5645-44F3-B297-4B78446338C4}.Release|Mixed Platforms.Build.0 = Release|Win32
		{489FB570-5645-44F3-B297-4B78446338C4}.Release|Win32.ActiveCfg = Release|Win32
		{489FB570-5645-44F3-B297-4B78446338C4}.Release|Win32.Build.0 = Release|Win32
		{489FB570-5645-44F3-B297-4B78446338C4}.Release|x64.ActiveCfg = Release|x64
		{489FB570-5645-44F3-B297-4B78446338C4}.Release|x64.Build.0 = Release|x64
		{839A1F52-765D-445C-AF5A-69A2A4020D46}.Debug|Mixed Platforms.ActiveCfg = Debug|Win32
		{839A1F52-765D-445C-AF5A-69A2A4020D46}.Debug|Mixed Platforms.Build.0 = Debug|Win32
		{839A1F52-765D-445C-AF5A-69A2A4020D46}.Debug|Win32.ActiveCfg = Debug|Win32
		{839A1F52-765D-445C-AF5A-69A2A4020D46}.Debug|Win32.Build.0 = Debug|Win32
		{839A1F52-765D-445C-AF5A-69A2A4020D46}.Debug|x64.ActiveCfg = Debug|Win32
		{839A1F52-765D-445C-AF5A-69A2A4020D46}.Default|Mixed Platforms.ActiveCfg = Debug|Win32
		{839A1F52-765D-445C-AF5A-69A2A4020D46}.Default|Mixed Platforms.Build.0 = Debug|Win32
		{839A1F52-765D-445C-AF5A-69A2A4020D46}.Default|Win32.ActiveCfg = Debug|Win32
		{839A1F52-765D-445C-AF5A-69A2A4020D46}.Default|Win32.Build.0 = Debug|Win32
		{839A1F52-765D-445C-AF5A-69A2A4020D46}.Default|x64.ActiveCfg = Debug|Win32
		{839A1F52-765D-445C-AF5A-69A2A4020D46}.Release|Mixed Platforms.ActiveCfg = Release|Win32
		{839A1F52-765D-445C-AF5A-69A2A4020D46}.Release|Mixed Platforms.Build.0 = Release|Win32
		{839A1F52-765D-445C-AF5A-69A2A4020D46}.Release|Win32.ActiveCfg = Release|Win32
		{839A1F52-765D-445C-AF5A-69A2A4020D46}.Release|Win32.Build.0 = Release|Win32
		{839A1F52-765D-445C-AF5A-69A2A4020D46}.Release|x64.ActiveCfg = Release|x64
		{1DD67984-B8AF-4A3D-9857-C298452AC722}.Debug|Mixed Platforms.ActiveCfg = Debug|Win32
		{1DD67984-B8AF-4A3D-9857-C298452AC722}.Debug|Mixed Platforms.Build.0 = Debug|Win32
		{1DD67984-B8AF-4A3D-9857-C298452AC722}.Debug|Win32.ActiveCfg = Debug|Win32
		{1DD67984-B8AF-4A3D-9857-C298452AC722}.Debug|Win32.Build.0 = Debug|Win32
		{1DD67984-B8AF-4A3D-9857-C298452AC722}.Debug|x64.ActiveCfg = Debug|Win32
		{1DD67984-B8AF-4A3D-9857-C298452AC722}.Default|Mixed Platforms.ActiveCfg = Debug|Win32
		{1DD67984-B8AF-4A3D-9857-C298452AC722}.Default|Mixed Platforms.Build.0 = Debug|Win32
		{1DD67984-B8AF-4A3D-9857-C298452AC722}.Default|Win32.ActiveCfg = Debug|Win32
		{1DD67984-B8AF-4A3D-9857-C298452AC722}.Default|Win32.Build.0 = Debug|Win32
		{1DD67984-B8AF-4A3D-9857-C298452AC722}.Default|x64.ActiveCfg = Debug|Win32
		{1DD67984-B8AF-4A3D-9857-C298452AC722}.Release|Mixed Platforms.ActiveCfg = Release|Win32
		{1DD67984-B8AF-4A3D-9857-C298452AC722}.Release|Mixed Platforms.Build.0 = Release|Win32
		{1DD67984-B8AF-4A3D-9857-C298452AC722}.Release|Win32.ActiveCfg = Release|Win32
		{1DD67984-B8AF-4A3D-9857-C298452AC722}.Release|Win32.Build.0 = Release|Win32
		{1DD67984-B8AF-4A3D-9857-C298452AC722}.Release|x64.ActiveCfg = Release|x64
		{1DD67984-B8AF-4A3D-9857-C298452AC722}.Release|x64.Build.0 = Release|x64
		{3D5CC7A3-3B1C-4D1B-B59F-F96BD8AAF3B8}.Debug|Mixed Platforms.ActiveCfg = Debug|Win32
		{3D5CC7A3-3B1C-4D1B-B59F-F96BD8AAF3B8}.Debug|Mixed Platforms.Build.0 = Debug|Win32
		{3D5CC7A3-3B1C-4D1B-B59F-F96BD8AAF3B8}.Debug|Win32.ActiveCfg = Debug|Win32
		{3D5CC7A3-3B1C-4D1B-B59F-F96BD8AAF3B8}.Debug|Win32.Build.0 = Debug|Win32
		{3D5CC7A3-3B1C-4D1B-B59F-F96BD8AAF3B8}.Debug|x64.ActiveCfg = Debug|Win32
		{3D5CC7A3-3B1C-4D1B-B59F-F96BD8AAF3B8}.Default|Mixed Platforms.ActiveCfg = Debug|Win32
		{3D5CC7A3-3B1C-4D1B-B59F-F96BD8AAF3B8}.Default|Mixed Platforms.Build.0 = Debug|Win32
		{3D5CC7A3-3B1C-4D1B-B59F-F96BD8AAF3B8}.Default|Win32.ActiveCfg = Debug|Win32
		{3D5CC7A3-3B1C-4D1B-B59F-F96BD8AAF3B8}.Default|Win32.Build.0 = Debug|Win32
		{3D5CC7A3-3B1C-4D1B-B59F-F96BD8AAF3B8}.Default|x64.ActiveCfg = Debug|Win32
		{3D5CC7A3-3B1C-4D1B-B59F-F96BD8AAF3B8}.Release|Mixed Platforms.ActiveCfg = Release|Win32
		{3D5CC7A3-3B1C-4D1B-B59F-F96BD8AAF3B8}.Release|Mixed Platforms.Build.0 = Release|Win32
		{3D5CC7A3-3B1C-4D1B-B59F-F96BD8AAF3B8}.Release|Win32.ActiveCfg = Release|Win32
		{3D5CC7A3-3B1C-4D1B-B59F-F96BD8AAF3B8}.Release|Win32.Build.0 = Release|Win32
		{3D5CC7A3-3B1C-4D1B-B59F-F96BD8AAF3B8}.Release|x64.ActiveCfg = Release|x64
		{3D5CC7A3-3B1C-4D1B-B59F-F96BD8AAF3B8}.Release|x64.Build.0 = Release|x64
	EndGlobalSection
	GlobalSection(SolutionProperties) = preSolution
		HideSolutionNode = FALSE
	EndGlobalSection
EndGlobal
